
Microsoft Visual Studio Solution File, Format Version 12.00
# Visual Studio Version 16
VisualStudioVersion = 16.0.31112.23
MinimumVisualStudioVersion = 10.0.40219.1
Project("{FAE04EC0-301F-11D3-BF4B-00C04F79EFBC}") = "JS5", "JS5\JS5.csproj", "{C0720C8B-B50F-48CC-92D6-E6D53C5B38B2}"
EndProject
Global
	GlobalSection(SolutionConfigurationPlatforms) = preSolution
		Debug|Any CPU = Debug|Any CPU
		Release|Any CPU = Release|Any CPU
	EndGlobalSection
	GlobalSection(ProjectConfigurationPlatforms) = postSolution
		{C0720C8B-B50F-48CC-92D6-E6D53C5B38B2}.Debug|Any CPU.ActiveCfg = Debug|Any CPU
		{C0720C8B-B50F-48CC-92D6-E6D53C5B38B2}.Debug|Any CPU.Build.0 = Debug|Any CPU
		{C0720C8B-B50F-48CC-92D6-E6D53C5B38B2}.Release|Any CPU.ActiveCfg = Release|Any CPU
		{C0720C8B-B50F-48CC-92D6-E6D53C5B38B2}.Release|Any CPU.Build.0 = Release|Any CPU
	EndGlobalSection
	GlobalSection(SolutionProperties) = preSolution
		HideSolutionNode = FALSE
	EndGlobalSection
	GlobalSection(ExtensibilityGlobals) = postSolution
		SolutionGuid = {6BBAE9B6-9B09-44D4-A4F5-ED45C56956C9}
	EndGlobalSection
EndGlobal
